
Microsoft Visual Studio Solution File, Format Version 12.00
# Visual Studio 15
Project("{FAE04EC0-301F-11D3-BF4B-00C04F79EFBC}") = "Assembly-CSharp", "Assembly-CSharp.csproj", "{F4D36B2D-879F-A81F-62E6-CCD82692D01E}"
EndProject
Project("{FAE04EC0-301F-11D3-BF4B-00C04F79EFBC}") = "VivoxUnity", "VivoxUnity.csproj", "{26E18BAC-793E-3837-A61B-5FC161DEEA25}"
EndProject
Project("{FAE04EC0-301F-11D3-BF4B-00C04F79EFBC}") = "Mirror", "Mirror.csproj", "{8B9BB8CA-662F-5961-DD8B-022F03EADFBD}"
EndProject
Project("{FAE04EC0-301F-11D3-BF4B-00C04F79EFBC}") = "SteamVR", "SteamVR.csproj", "{7023C877-E368-4DC3-DA3E-38B30B0960D3}"
EndProject
Project("{FAE04EC0-301F-11D3-BF4B-00C04F79EFBC}") = "TTLab.VAnnotatoR.Core", "TTLab.VAnnotatoR.Core.csproj", "{C4CCB545-4005-3A39-0AE5-E3F3179A6C3C}"
EndProject
Project("{FAE04EC0-301F-11D3-BF4B-00C04F79EFBC}") = "SteamVR_Actions", "SteamVR_Actions.csproj", "{406E1043-DAFC-C62D-7176-06AAA12049BF}"
EndProject
Project("{FAE04EC0-301F-11D3-BF4B-00C04F79EFBC}") = "Mirror.Components", "Mirror.Components.csproj", "{49A02C26-B86B-6BBA-559D-D9764C68E64D}"
EndProject
Project("{FAE04EC0-301F-11D3-BF4B-00C04F79EFBC}") = "Ninja.WebSockets", "Ninja.WebSockets.csproj", "{44C03DFC-DB63-F465-B8D9-1AD8F50C5D13}"
EndProject
Project("{FAE04EC0-301F-11D3-BF4B-00C04F79EFBC}") = "WordNet", "WordNet.csproj", "{BB1BDDF7-C535-1D9A-E257-BAC36A7F8688}"
EndProject
Project("{FAE04EC0-301F-11D3-BF4B-00C04F79EFBC}") = "Assembly-CSharp-Editor", "Assembly-CSharp-Editor.csproj", "{AF55AAE0-5209-C577-2424-A142A7C3938B}"
EndProject
Project("{FAE04EC0-301F-11D3-BF4B-00C04F79EFBC}") = "SteamVR_Editor", "SteamVR_Editor.csproj", "{2D84377C-5C6C-835C-F55E-6090EB2FFCC6}"
EndProject
Project("{FAE04EC0-301F-11D3-BF4B-00C04F79EFBC}") = "SteamVR_Input_Editor", "SteamVR_Input_Editor.csproj", "{BB7BA708-EC35-C95C-C8C8-7E4C98F8D204}"
EndProject
Project("{FAE04EC0-301F-11D3-BF4B-00C04F79EFBC}") = "VivoxEditor", "VivoxEditor.csproj", "{6A18DE00-4C92-B192-8511-33D104CF9D96}"
EndProject
Project("{FAE04EC0-301F-11D3-BF4B-00C04F79EFBC}") = "SteamVR_Windows_EditorHelper", "SteamVR_Windows_EditorHelper.csproj", "{0EC0EB9F-4C61-6333-C1D8-883579D0F19D}"
EndProject
Global
	GlobalSection(SolutionConfigurationPlatforms) = preSolution
		Debug|Any CPU = Debug|Any CPU
		Release|Any CPU = Release|Any CPU
	EndGlobalSection
	GlobalSection(ProjectConfigurationPlatforms) = postSolution
		{F4D36B2D-879F-A81F-62E6-CCD82692D01E}.Debug|Any CPU.ActiveCfg = Debug|Any CPU
		{F4D36B2D-879F-A81F-62E6-CCD82692D01E}.Debug|Any CPU.Build.0 = Debug|Any CPU
		{F4D36B2D-879F-A81F-62E6-CCD82692D01E}.Release|Any CPU.ActiveCfg = Release|Any CPU
		{F4D36B2D-879F-A81F-62E6-CCD82692D01E}.Release|Any CPU.Build.0 = Release|Any CPU
		{26E18BAC-793E-3837-A61B-5FC161DEEA25}.Debug|Any CPU.ActiveCfg = Debug|Any CPU
		{26E18BAC-793E-3837-A61B-5FC161DEEA25}.Debug|Any CPU.Build.0 = Debug|Any CPU
		{26E18BAC-793E-3837-A61B-5FC161DEEA25}.Release|Any CPU.ActiveCfg = Release|Any CPU
		{26E18BAC-793E-3837-A61B-5FC161DEEA25}.Release|Any CPU.Build.0 = Release|Any CPU
		{8B9BB8CA-662F-5961-DD8B-022F03EADFBD}.Debug|Any CPU.ActiveCfg = Debug|Any CPU
		{8B9BB8CA-662F-5961-DD8B-022F03EADFBD}.Debug|Any CPU.Build.0 = Debug|Any CPU
		{8B9BB8CA-662F-5961-DD8B-022F03EADFBD}.Release|Any CPU.ActiveCfg = Release|Any CPU
		{8B9BB8CA-662F-5961-DD8B-022F03EADFBD}.Release|Any CPU.Build.0 = Release|Any CPU
		{7023C877-E368-4DC3-DA3E-38B30B0960D3}.Debug|Any CPU.ActiveCfg = Debug|Any CPU
		{7023C877-E368-4DC3-DA3E-38B30B0960D3}.Debug|Any CPU.Build.0 = Debug|Any CPU
		{7023C877-E368-4DC3-DA3E-38B30B0960D3}.Release|Any CPU.ActiveCfg = Release|Any CPU
		{7023C877-E368-4DC3-DA3E-38B30B0960D3}.Release|Any CPU.Build.0 = Release|Any CPU
		{C4CCB545-4005-3A39-0AE5-E3F3179A6C3C}.Debug|Any CPU.ActiveCfg = Debug|Any CPU
		{C4CCB545-4005-3A39-0AE5-E3F3179A6C3C}.Debug|Any CPU.Build.0 = Debug|Any CPU
		{C4CCB545-4005-3A39-0AE5-E3F3179A6C3C}.Release|Any CPU.ActiveCfg = Release|Any CPU
		{C4CCB545-4005-3A39-0AE5-E3F3179A6C3C}.Release|Any CPU.Build.0 = Release|Any CPU
		{406E1043-DAFC-C62D-7176-06AAA12049BF}.Debug|Any CPU.ActiveCfg = Debug|Any CPU
		{406E1043-DAFC-C62D-7176-06AAA12049BF}.Debug|Any CPU.Build.0 = Debug|Any CPU
		{406E1043-DAFC-C62D-7176-06AAA12049BF}.Release|Any CPU.ActiveCfg = Release|Any CPU
		{406E1043-DAFC-C62D-7176-06AAA12049BF}.Release|Any CPU.Build.0 = Release|Any CPU
		{49A02C26-B86B-6BBA-559D-D9764C68E64D}.Debug|Any CPU.ActiveCfg = Debug|Any CPU
		{49A02C26-B86B-6BBA-559D-D9764C68E64D}.Debug|Any CPU.Build.0 = Debug|Any CPU
		{49A02C26-B86B-6BBA-559D-D9764C68E64D}.Release|Any CPU.ActiveCfg = Release|Any CPU
		{49A02C26-B86B-6BBA-559D-D9764C68E64D}.Release|Any CPU.Build.0 = Release|Any CPU
		{44C03DFC-DB63-F465-B8D9-1AD8F50C5D13}.Debug|Any CPU.ActiveCfg = Debug|Any CPU
		{44C03DFC-DB63-F465-B8D9-1AD8F50C5D13}.Debug|Any CPU.Build.0 = Debug|Any CPU
		{44C03DFC-DB63-F465-B8D9-1AD8F50C5D13}.Release|Any CPU.ActiveCfg = Release|Any CPU
		{44C03DFC-DB63-F465-B8D9-1AD8F50C5D13}.Release|Any CPU.Build.0 = Release|Any CPU
		{BB1BDDF7-C535-1D9A-E257-BAC36A7F8688}.Debug|Any CPU.ActiveCfg = Debug|Any CPU
		{BB1BDDF7-C535-1D9A-E257-BAC36A7F8688}.Debug|Any CPU.Build.0 = Debug|Any CPU
		{BB1BDDF7-C535-1D9A-E257-BAC36A7F8688}.Release|Any CPU.ActiveCfg = Release|Any CPU
		{BB1BDDF7-C535-1D9A-E257-BAC36A7F8688}.Release|Any CPU.Build.0 = Release|Any CPU
		{AF55AAE0-5209-C577-2424-A142A7C3938B}.Debug|Any CPU.ActiveCfg = Debug|Any CPU
		{AF55AAE0-5209-C577-2424-A142A7C3938B}.Debug|Any CPU.Build.0 = Debug|Any CPU
		{AF55AAE0-5209-C577-2424-A142A7C3938B}.Release|Any CPU.ActiveCfg = Release|Any CPU
		{AF55AAE0-5209-C577-2424-A142A7C3938B}.Release|Any CPU.Build.0 = Release|Any CPU
		{2D84377C-5C6C-835C-F55E-6090EB2FFCC6}.Debug|Any CPU.ActiveCfg = Debug|Any CPU
		{2D84377C-5C6C-835C-F55E-6090EB2FFCC6}.Debug|Any CPU.Build.0 = Debug|Any CPU
		{2D84377C-5C6C-835C-F55E-6090EB2FFCC6}.Release|Any CPU.ActiveCfg = Release|Any CPU
		{2D84377C-5C6C-835C-F55E-6090EB2FFCC6}.Release|Any CPU.Build.0 = Release|Any CPU
		{BB7BA708-EC35-C95C-C8C8-7E4C98F8D204}.Debug|Any CPU.ActiveCfg = Debug|Any CPU
		{BB7BA708-EC35-C95C-C8C8-7E4C98F8D204}.Debug|Any CPU.Build.0 = Debug|Any CPU
		{BB7BA708-EC35-C95C-C8C8-7E4C98F8D204}.Release|Any CPU.ActiveCfg = Release|Any CPU
		{BB7BA708-EC35-C95C-C8C8-7E4C98F8D204}.Release|Any CPU.Build.0 = Release|Any CPU
		{6A18DE00-4C92-B192-8511-33D104CF9D96}.Debug|Any CPU.ActiveCfg = Debug|Any CPU
		{6A18DE00-4C92-B192-8511-33D104CF9D96}.Debug|Any CPU.Build.0 = Debug|Any CPU
		{6A18DE00-4C92-B192-8511-33D104CF9D96}.Release|Any CPU.ActiveCfg = Release|Any CPU
		{6A18DE00-4C92-B192-8511-33D104CF9D96}.Release|Any CPU.Build.0 = Release|Any CPU
		{0EC0EB9F-4C61-6333-C1D8-883579D0F19D}.Debug|Any CPU.ActiveCfg = Debug|Any CPU
		{0EC0EB9F-4C61-6333-C1D8-883579D0F19D}.Debug|Any CPU.Build.0 = Debug|Any CPU
		{0EC0EB9F-4C61-6333-C1D8-883579D0F19D}.Release|Any CPU.ActiveCfg = Release|Any CPU
		{0EC0EB9F-4C61-6333-C1D8-883579D0F19D}.Release|Any CPU.Build.0 = Release|Any CPU
	EndGlobalSection
	GlobalSection(SolutionProperties) = preSolution
		HideSolutionNode = FALSE
	EndGlobalSection
EndGlobal
